
Microsoft Visual Studio Solution File, Format Version 12.00
# Visual Studio Version 16
VisualStudioVersion = 16.0.30330.147
MinimumVisualStudioVersion = 10.0.40219.1
Project("{FAE04EC0-301F-11D3-BF4B-00C04F79EFBC}") = "Curs", "Curs\Curs.csproj", "{406126CE-B865-458D-86C4-1DC05473D1BA}"
EndProject
Global
	GlobalSection(SolutionConfigurationPlatforms) = preSolution
		Debug|Any CPU = Debug|Any CPU
		Release|Any CPU = Release|Any CPU
	EndGlobalSection
	GlobalSection(ProjectConfigurationPlatforms) = postSolution
		{406126CE-B865-458D-86C4-1DC05473D1BA}.Debug|Any CPU.ActiveCfg = Debug|Any CPU
		{406126CE-B865-458D-86C4-1DC05473D1BA}.Debug|Any CPU.Build.0 = Debug|Any CPU
		{406126CE-B865-458D-86C4-1DC05473D1BA}.Release|Any CPU.ActiveCfg = Release|Any CPU
		{406126CE-B865-458D-86C4-1DC05473D1BA}.Release|Any CPU.Build.0 = Release|Any CPU
	EndGlobalSection
	GlobalSection(SolutionProperties) = preSolution
		HideSolutionNode = FALSE
	EndGlobalSection
	GlobalSection(ExtensibilityGlobals) = postSolution
		SolutionGuid = {497970D8-4662-4C1C-9F81-BA1F0B51E900}
	EndGlobalSection
EndGlobal
