
Microsoft Visual Studio Solution File, Format Version 12.00
# Visual Studio Version 16
VisualStudioVersion = 16.0.29728.190
MinimumVisualStudioVersion = 10.0.40219.1
Project("{9A19103F-16F7-4668-BE54-9A1E7A4F7556}") = "ConsoleApp1", "ConsoleApp1.csproj", "{6E202551-B235-49A0-86AD-54B8973E1A48}"
EndProject
Project("{9A19103F-16F7-4668-BE54-9A1E7A4F7556}") = "ConsoleApp2", "..\ConsoleApp2\ConsoleApp2.csproj", "{A2BFBBB8-2E69-45D3-9770-3236BCF21881}"
EndProject
Project("{FAE04EC0-301F-11D3-BF4B-00C04F79EFBC}") = "Week01DataTypes", "..\Week01variables\Week01DataTypes.csproj", "{98197D17-4E6E-41B6-85FF-45F513346E00}"
EndProject
Project("{FAE04EC0-301F-11D3-BF4B-00C04F79EFBC}") = "week01Ex", "..\week01Ex\week01Ex.csproj", "{886E1DCD-1516-4F48-83B2-6288D1F14EF5}"
EndProject
Global
	GlobalSection(SolutionConfigurationPlatforms) = preSolution
		Debug|Any CPU = Debug|Any CPU
		Release|Any CPU = Release|Any CPU
	EndGlobalSection
	GlobalSection(ProjectConfigurationPlatforms) = postSolution
		{6E202551-B235-49A0-86AD-54B8973E1A48}.Debug|Any CPU.ActiveCfg = Debug|Any CPU
		{6E202551-B235-49A0-86AD-54B8973E1A48}.Debug|Any CPU.Build.0 = Debug|Any CPU
		{6E202551-B235-49A0-86AD-54B8973E1A48}.Release|Any CPU.ActiveCfg = Release|Any CPU
		{6E202551-B235-49A0-86AD-54B8973E1A48}.Release|Any CPU.Build.0 = Release|Any CPU
		{A2BFBBB8-2E69-45D3-9770-3236BCF21881}.Debug|Any CPU.ActiveCfg = Debug|Any CPU
		{A2BFBBB8-2E69-45D3-9770-3236BCF21881}.Debug|Any CPU.Build.0 = Debug|Any CPU
		{A2BFBBB8-2E69-45D3-9770-3236BCF21881}.Release|Any CPU.ActiveCfg = Release|Any CPU
		{A2BFBBB8-2E69-45D3-9770-3236BCF21881}.Release|Any CPU.Build.0 = Release|Any CPU
		{98197D17-4E6E-41B6-85FF-45F513346E00}.Debug|Any CPU.ActiveCfg = Debug|Any CPU
		{98197D17-4E6E-41B6-85FF-45F513346E00}.Debug|Any CPU.Build.0 = Debug|Any CPU
		{98197D17-4E6E-41B6-85FF-45F513346E00}.Release|Any CPU.ActiveCfg = Release|Any CPU
		{98197D17-4E6E-41B6-85FF-45F513346E00}.Release|Any CPU.Build.0 = Release|Any CPU
		{886E1DCD-1516-4F48-83B2-6288D1F14EF5}.Debug|Any CPU.ActiveCfg = Debug|Any CPU
		{886E1DCD-1516-4F48-83B2-6288D1F14EF5}.Debug|Any CPU.Build.0 = Debug|Any CPU
		{886E1DCD-1516-4F48-83B2-6288D1F14EF5}.Release|Any CPU.ActiveCfg = Release|Any CPU
		{886E1DCD-1516-4F48-83B2-6288D1F14EF5}.Release|Any CPU.Build.0 = Release|Any CPU
	EndGlobalSection
	GlobalSection(SolutionProperties) = preSolution
		HideSolutionNode = FALSE
	EndGlobalSection
	GlobalSection(ExtensibilityGlobals) = postSolution
		SolutionGuid = {052D747A-9B84-4D66-82ED-E1221D12B6BB}
	EndGlobalSection
EndGlobal
