
Microsoft Visual Studio Solution File, Format Version 12.00
# Visual Studio Version 16
VisualStudioVersion = 16.0.30413.136
MinimumVisualStudioVersion = 10.0.40219.1
Project("{FAE04EC0-301F-11D3-BF4B-00C04F79EFBC}") = "Curs", "Curs\Curs.csproj", "{DCD405A3-B239-4B7A-B191-E1A5863DA518}"
EndProject
Project("{FAE04EC0-301F-11D3-BF4B-00C04F79EFBC}") = "ExecuteScalar", "ExecuteScalar\ExecuteScalar.csproj", "{D2D651A5-E346-41A3-B828-5B956828B06F}"
EndProject
Project("{FAE04EC0-301F-11D3-BF4B-00C04F79EFBC}") = "Insert", "Insert\Insert.csproj", "{B8BD907F-5A1A-4E2D-87FB-2885DE7A6D51}"
EndProject
Global
	GlobalSection(SolutionConfigurationPlatforms) = preSolution
		Debug|Any CPU = Debug|Any CPU
		Release|Any CPU = Release|Any CPU
	EndGlobalSection
	GlobalSection(ProjectConfigurationPlatforms) = postSolution
		{DCD405A3-B239-4B7A-B191-E1A5863DA518}.Debug|Any CPU.ActiveCfg = Debug|Any CPU
		{DCD405A3-B239-4B7A-B191-E1A5863DA518}.Debug|Any CPU.Build.0 = Debug|Any CPU
		{DCD405A3-B239-4B7A-B191-E1A5863DA518}.Release|Any CPU.ActiveCfg = Release|Any CPU
		{DCD405A3-B239-4B7A-B191-E1A5863DA518}.Release|Any CPU.Build.0 = Release|Any CPU
		{D2D651A5-E346-41A3-B828-5B956828B06F}.Debug|Any CPU.ActiveCfg = Debug|Any CPU
		{D2D651A5-E346-41A3-B828-5B956828B06F}.Debug|Any CPU.Build.0 = Debug|Any CPU
		{D2D651A5-E346-41A3-B828-5B956828B06F}.Release|Any CPU.ActiveCfg = Release|Any CPU
		{D2D651A5-E346-41A3-B828-5B956828B06F}.Release|Any CPU.Build.0 = Release|Any CPU
		{B8BD907F-5A1A-4E2D-87FB-2885DE7A6D51}.Debug|Any CPU.ActiveCfg = Debug|Any CPU
		{B8BD907F-5A1A-4E2D-87FB-2885DE7A6D51}.Debug|Any CPU.Build.0 = Debug|Any CPU
		{B8BD907F-5A1A-4E2D-87FB-2885DE7A6D51}.Release|Any CPU.ActiveCfg = Release|Any CPU
		{B8BD907F-5A1A-4E2D-87FB-2885DE7A6D51}.Release|Any CPU.Build.0 = Release|Any CPU
	EndGlobalSection
	GlobalSection(SolutionProperties) = preSolution
		HideSolutionNode = FALSE
	EndGlobalSection
	GlobalSection(ExtensibilityGlobals) = postSolution
		SolutionGuid = {AE8681EB-19E0-470A-8A98-1832202DE937}
	EndGlobalSection
EndGlobal
